// !$*UTF8*$!
{
	archiveVersion = 1;
	classes = {
	};
	objectVersion = 50;
	objects = {

/* Begin PBXBuildFile section */
		B4F774C1242E1C1000214304 /* AppDelegate.swift in Sources */ = {isa = PBXBuildFile; fileRef = B4F774C0242E1C1000214304 /* AppDelegate.swift */; };
		B4F774C3242E1C1000214304 /* SceneDelegate.swift in Sources */ = {isa = PBXBuildFile; fileRef = B4F774C2242E1C1000214304 /* SceneDelegate.swift */; };
		B4F774C5242E1C1000214304 /* ContentView.swift in Sources */ = {isa = PBXBuildFile; fileRef = B4F774C4242E1C1000214304 /* ContentView.swift */; };
		B4F774C7242E1C1B00214304 /* Assets.xcassets in Resources */ = {isa = PBXBuildFile; fileRef = B4F774C6242E1C1B00214304 /* Assets.xcassets */; };
		B4F774CA242E1C1B00214304 /* Preview Assets.xcassets in Resources */ = {isa = PBXBuildFile; fileRef = B4F774C9242E1C1B00214304 /* Preview Assets.xcassets */; };
		B4F774CD242E1C1B00214304 /* LaunchScreen.storyboard in Resources */ = {isa = PBXBuildFile; fileRef = B4F774CB242E1C1B00214304 /* LaunchScreen.storyboard */; };
/* End PBXBuildFile section */

/* Begin PBXFileReference section */
		B4F774BD242E1C1000214304 /* swiftUIbuttonPrac.app */ = {isa = PBXFileReference; explicitFileType = wrapper.application; includeInIndex = 0; path = swiftUIbuttonPrac.app; sourceTree = BUILT_PRODUCTS_DIR; };
		B4F774C0242E1C1000214304 /* AppDelegate.swift */ = {isa = PBXFileReference; lastKnownFileType = sourcecode.swift; path = AppDelegate.swift; sourceTree = "<group>"; };
		B4F774C2242E1C1000214304 /* SceneDelegate.swift */ = {isa = PBXFileReference; lastKnownFileType = sourcecode.swift; path = SceneDelegate.swift; sourceTree = "<group>"; };
		B4F774C4242E1C1000214304 /* ContentView.swift */ = {isa = PBXFileReference; lastKnownFileType = sourcecode.swift; path = ContentView.swift; sourceTree = "<group>"; };
		B4F774C6242E1C1B00214304 /* Assets.xcassets */ = {isa = PBXFileReference; lastKnownFileType = folder.assetcatalog; path = Assets.xcassets; sourceTree = "<group>"; };
		B4F774C9242E1C1B00214304 /* Preview Assets.xcassets */ = {isa = PBXFileReference; lastKnownFileType = folder.assetcatalog; path = "Preview Assets.xcassets"; sourceTree = "<group>"; };
		B4F774CC242E1C1B00214304 /* Base */ = {isa = PBXFileReference; lastKnownFileType = file.storyboard; name = Base; path = Base.lproj/LaunchScreen.storyboard; sourceTree = "<group>"; };
		B4F774CE242E1C1B00214304 /* Info.plist */ = {isa = PBXFileReference; lastKnownFileType = text.plist.xml; path = Info.plist; sourceTree = "<group>"; };
/* End PBXFileReference section */

/* Begin PBXFrameworksBuildPhase section */
		B4F774BA242E1C1000214304 /* Frameworks */ = {
			isa = PBXFrameworksBuildPhase;
			buildActionMask = 2147483647;
			files = (
			);
			runOnlyForDeploymentPostprocessing = 0;
		};
/* End PBXFrameworksBuildPhase section */

/* Begin PBXGroup section */
		B4F774B4242E1C1000214304 = {
			isa = PBXGroup;
			children = (
				B4F774BF242E1C1000214304 /* swiftUIbuttonPrac */,
				B4F774BE242E1C1000214304 /* Products */,
			);
			sourceTree = "<group>";
		};
		B4F774BE242E1C1000214304 /* Products */ = {
			isa = PBXGroup;
			children = (
				B4F774BD242E1C1000214304 /* swiftUIbuttonPrac.app */,
			);
			name = Products;
			sourceTree = "<group>";
		};
		B4F774BF242E1C1000214304 /* swiftUIbuttonPrac */ = {
			isa = PBXGroup;
			children = (
				B4F774C0242E1C1000214304 /* AppDelegate.swift */,
				B4F774C2242E1C1000214304 /* SceneDelegate.swift */,
				B4F774C4242E1C1000214304 /* ContentView.swift */,
				B4F774C6242E1C1B00214304 /* Assets.xcassets */,
				B4F774CB242E1C1B00214304 /* LaunchScreen.storyboard */,
				B4F774CE242E1C1B00214304 /* Info.plist */,
				B4F774C8242E1C1B00214304 /* Preview Content */,
			);
			path = swiftUIbuttonPrac;
			sourceTree = "<group>";
		};
		B4F774C8242E1C1B00214304 /* Preview Content */ = {
			isa = PBXGroup;
			children = (
				B4F774C9242E1C1B00214304 /* Preview Assets.xcassets */,
			);
			path = "Preview Content";
			sourceTree = "<group>";
		};
/* End PBXGroup section */

/* Begin PBXNativeTarget section */
		B4F774BC242E1C1000214304 /* swiftUIbuttonPrac */ = {
			isa = PBXNativeTarget;
			buildConfigurationList = B4F774D1242E1C1B00214304 /* Build configuration list for PBXNativeTarget "swiftUIbuttonPrac" */;
			buildPhases = (
				B4F774B9242E1C1000214304 /* Sources */,
				B4F774BA242E1C1000214304 /* Frameworks */,
				B4F774BB242E1C1000214304 /* Resources */,
			);
			buildRules = (
			);
			dependencies = (
			);
			name = swiftUIbuttonPrac;
			productName = swiftUIbuttonPrac;
			productReference = B4F774BD242E1C1000214304 /* swiftUIbuttonPrac.app */;
			productType = "com.apple.product-type.application";
		};
/* End PBXNativeTarget section */

/* Begin PBXProject section */
		B4F774B5242E1C1000214304 /* Project object */ = {
			isa = PBXProject;
			attributes = {
				LastSwiftUpdateCheck = 1130;
				LastUpgradeCheck = 1130;
				ORGANIZATIONNAME = limwris;
				TargetAttributes = {
					B4F774BC242E1C1000214304 = {
						CreatedOnToolsVersion = 11.3.1;
					};
				};
			};
			buildConfigurationList = B4F774B8242E1C1000214304 /* Build configuration list for PBXProject "swiftUIbuttonPrac" */;
			compatibilityVersion = "Xcode 9.3";
			developmentRegion = en;
			hasScannedForEncodings = 0;
			knownRegions = (
				en,
				Base,
			);
			mainGroup = B4F774B4242E1C1000214304;
			productRefGroup = B4F774BE242E1C1000214304 /* Products */;
			projectDirPath = "";
			projectRoot = "";
			targets = (
				B4F774BC242E1C1000214304 /* swiftUIbuttonPrac */,
			);
		};
/* End PBXProject section */

/* Begin PBXResourcesBuildPhase section */
		B4F774BB242E1C1000214304 /* Resources */ = {
			isa = PBXResourcesBuildPhase;
			buildActionMask = 2147483647;
			files = (
				B4F774CD242E1C1B00214304 /* LaunchScreen.storyboard in Resources */,
				B4F774CA242E1C1B00214304 /* Preview Assets.xcassets in Resources */,
				B4F774C7242E1C1B00214304 /* Assets.xcassets in Resources */,
			);
			runOnlyForDeploymentPostprocessing = 0;
		};
/* End PBXResourcesBuildPhase section */

/* Begin PBXSourcesBuildPhase section */
		B4F774B9242E1C1000214304 /* Sources */ = {
			isa = PBXSourcesBuildPhase;
			buildActionMask = 2147483647;
			files = (
				B4F774C1242E1C1000214304 /* AppDelegate.swift in Sources */,
				B4F774C3242E1C1000214304 /* SceneDelegate.swift in Sources */,
				B4F774C5242E1C1000214304 /* ContentView.swift in Sources */,
			);
			runOnlyForDeploymentPostprocessing = 0;
		};
/* End PBXSourcesBuildPhase section */

/* Begin PBXVariantGroup section */
		B4F774CB242E1C1B00214304 /* LaunchScreen.storyboard */ = {
			isa = PBXVariantGroup;
			children = (
				B4F774CC242E1C1B00214304 /* Base */,
			);
			name = LaunchScreen.storyboard;
			sourceTree = "<group>";
		};
/* End PBXVariantGroup section */

/* Begin XCBuildConfiguration section */
		B4F774CF242E1C1B00214304 /* Debug */ = {
			isa = XCBuildConfiguration;
			buildSettings = {
				ALWAYS_SEARCH_USER_PATHS = NO;
				CLANG_ANALYZER_NONNULL = YES;
				CLANG_ANALYZER_NUMBER_OBJECT_CONVERSION = YES_AGGRESSIVE;
				CLANG_CXX_LANGUAGE_STANDARD = "gnu++14";
				CLANG_CXX_LIBRARY = "libc++";
				CLANG_ENABLE_MODULES = YES;
				CLANG_ENABLE_OBJC_ARC = YES;
				CLANG_ENABLE_OBJC_WEAK = YES;
				CLANG_WARN_BLOCK_CAPTURE_AUTORELEASING = YES;
				CLANG_WARN_BOOL_CONVERSION = YES;
				CLANG_WARN_COMMA = YES;
				CLANG_WARN_CONSTANT_CONVERSION = YES;
				CLANG_WARN_DEPRECATED_OBJC_IMPLEMENTATIONS = YES;
				CLANG_WARN_DIRECT_OBJC_ISA_USAGE = YES_ERROR;
				CLANG_WARN_DOCUMENTATION_COMMENTS = YES;
				CLANG_WARN_EMPTY_BODY = YES;
				CLANG_WARN_ENUM_CONVERSION = YES;
				CLANG_WARN_INFINITE_RECURSION = YES;
				CLANG_WARN_INT_CONVERSION = YES;
				CLANG_WARN_NON_LITERAL_NULL_CONVERSION = YES;
				CLANG_WARN_OBJC_IMPLICIT_RETAIN_SELF = YES;
				CLANG_WARN_OBJC_LITERAL_CONVERSION = YES;
				CLANG_WARN_OBJC_ROOT_CLASS = YES_ERROR;
				CLANG_WARN_RANGE_LOOP_ANALYSIS = YES;
				CLANG_WARN_STRICT_PROTOTYPES = YES;
				CLANG_WARN_SUSPICIOUS_MOVE = YES;
				CLANG_WARN_UNGUARDED_AVAILABILITY = YES_AGGRESSIVE;
				CLANG_WARN_UNREACHABLE_CODE = YES;
				CLANG_WARN__DUPLICATE_METHOD_MATCH = YES;
				COPY_PHASE_STRIP = NO;
				DEBUG_INFORMATION_FORMAT = dwarf;
				ENABLE_STRICT_OBJC_MSGSEND = YES;
				ENABLE_TESTABILITY = YES;
				GCC_C_LANGUAGE_STANDARD = gnu11;
				GCC_DYNAMIC_NO_PIC = NO;
				GCC_NO_COMMON_BLOCKS = YES;
				GCC_OPTIMIZATION_LEVEL = 0;
				GCC_PREPROCESSOR_DEFINITIONS = (
					"DEBUG=1",
					"$(inherited)",
				);
				GCC_WARN_64_TO_32_BIT_CONVERSION = YES;
				GCC_WARN_ABOUT_RETURN_TYPE = YES_ERROR;
				GCC_WARN_UNDECLARED_SELECTOR = YES;
				GCC_WARN_UNINITIALIZED_AUTOS = YES_AGGRESSIVE;
				GCC_WARN_UNUSED_FUNCTION = YES;
				GCC_WARN_UNUSED_VARIABLE = YES;
				IPHONEOS_DEPLOYMENT_TARGET = 13.2;
				MTL_ENABLE_DEBUG_INFO = INCLUDE_SOURCE;
				MTL_FAST_MATH = YES;
				ONLY_ACTIVE_ARCH = YES;
				SDKROOT = iphoneos;
				SWIFT_ACTIVE_COMPILATION_CONDITIONS = DEBUG;
				SWIFT_OPTIMIZATION_LEVEL = "-Onone";
			};
			name = Debug;
		};
		B4F774D0242E1C1B00214304 /* Release */ = {
			isa = XCBuildConfiguration;
			buildSettings = {
				ALWAYS_SEARCH_USER_PATHS = NO;
				CLANG_ANALYZER_NONNULL = YES;
				CLANG_ANALYZER_NUMBER_OBJECT_CONVERSION = YES_AGGRESSIVE;
				CLANG_CXX_LANGUAGE_STANDARD = "gnu++14";
				CLANG_CXX_LIBRARY = "libc++";
				CLANG_ENABLE_MODULES = YES;
				CLANG_ENABLE_OBJC_ARC = YES;
				CLANG_ENABLE_OBJC_WEAK = YES;
				CLANG_WARN_BLOCK_CAPTURE_AUTORELEASING = YES;
				CLANG_WARN_BOOL_CONVERSION = YES;
				CLANG_WARN_COMMA = YES;
				CLANG_WARN_CONSTANT_CONVERSION = YES;
				CLANG_WARN_DEPRECATED_OBJC_IMPLEMENTATIONS = YES;
				CLANG_WARN_DIRECT_OBJC_ISA_USAGE = YES_ERROR;
				CLANG_WARN_DOCUMENTATION_COMMENTS = YES;
				CLANG_WARN_EMPTY_BODY = YES;
				CLANG_WARN_ENUM_CONVERSION = YES;
				CLANG_WARN_INFINITE_RECURSION = YES;
				CLANG_WARN_INT_CONVERSION = YES;
				CLANG_WARN_NON_LITERAL_NULL_CONVERSION = YES;
				CLANG_WARN_OBJC_IMPLICIT_RETAIN_SELF = YES;
				CLANG_WARN_OBJC_LITERAL_CONVERSION = YES;
				CLANG_WARN_OBJC_ROOT_CLASS = YES_ERROR;
				CLANG_WARN_RANGE_LOOP_ANALYSIS = YES;
				CLANG_WARN_STRICT_PROTOTYPES = YES;
				CLANG_WARN_SUSPICIOUS_MOVE = YES;
				CLANG_WARN_UNGUARDED_AVAILABILITY = YES_AGGRESSIVE;
				CLANG_WARN_UNREACHABLE_CODE = YES;
				CLANG_WARN__DUPLICATE_METHOD_MATCH = YES;
				COPY_PHASE_STRIP = NO;
				DEBUG_INFORMATION_FORMAT = "dwarf-with-dsym";
				ENABLE_NS_ASSERTIONS = NO;
				ENABLE_STRICT_OBJC_MSGSEND = YES;
				GCC_C_LANGUAGE_STANDARD = gnu11;
				GCC_NO_COMMON_BLOCKS = YES;
				GCC_WARN_64_TO_32_BIT_CONVERSION = YES;
				GCC_WARN_ABOUT_RETURN_TYPE = YES_ERROR;
				GCC_WARN_UNDECLARED_SELECTOR = YES;
				GCC_WARN_UNINITIALIZED_AUTOS = YES_AGGRESSIVE;
				GCC_WARN_UNUSED_FUNCTION = YES;
				GCC_WARN_UNUSED_VARIABLE = YES;
				IPHONEOS_DEPLOYMENT_TARGET = 13.2;
				MTL_ENABLE_DEBUG_INFO = NO;
				MTL_FAST_MATH = YES;
				SDKROOT = iphoneos;
				SWIFT_COMPILATION_MODE = wholemodule;
				SWIFT_OPTIMIZATION_LEVEL = "-O";
				VALIDATE_PRODUCT = YES;
			};
			name = Release;
		};
		B4F774D2242E1C1B00214304 /* Debug */ = {
			isa = XCBuildConfiguration;
			buildSettings = {
				ASSETCATALOG_COMPILER_APPICON_NAME = AppIcon;
				CODE_SIGN_STYLE = Automatic;
				DEVELOPMENT_ASSET_PATHS = "\"swiftUIbuttonPrac/Preview Content\"";
				DEVELOPMENT_TEAM = ZR6PKC7A2F;
				ENABLE_PREVIEWS = YES;
				INFOPLIST_FILE = swiftUIbuttonPrac/Info.plist;
				LD_RUNPATH_SEARCH_PATHS = (
					"$(inherited)",
					"@executable_path/Frameworks",
				);
				PRODUCT_BUNDLE_IDENTIFIER = com.lim.swiftUIbuttonPrac;
				PRODUCT_NAME = "$(TARGET_NAME)";
				SWIFT_VERSION = 5.0;
				TARGETED_DEVICE_FAMILY = "1,2";
			};
			name = Debug;
		};
		B4F774D3242E1C1B00214304 /* Release */ = {
			isa = XCBuildConfiguration;
			buildSettings = {
				ASSETCATALOG_COMPILER_APPICON_NAME = AppIcon;
				CODE_SIGN_STYLE = Automatic;
				DEVELOPMENT_ASSET_PATHS = "\"swiftUIbuttonPrac/Preview Content\"";
				DEVELOPMENT_TEAM = ZR6PKC7A2F;
				ENABLE_PREVIEWS = YES;
				INFOPLIST_FILE = swiftUIbuttonPrac/Info.plist;
				LD_RUNPATH_SEARCH_PATHS = (
					"$(inherited)",
					"@executable_path/Frameworks",
				);
				PRODUCT_BUNDLE_IDENTIFIER = com.lim.swiftUIbuttonPrac;
				PRODUCT_NAME = "$(TARGET_NAME)";
				SWIFT_VERSION = 5.0;
				TARGETED_DEVICE_FAMILY = "1,2";
			};
			name = Release;
		};
/* End XCBuildConfiguration section */

/* Begin XCConfigurationList section */
		B4F774B8242E1C1000214304 /* Build configuration list for PBXProject "swiftUIbuttonPrac" */ = {
			isa = XCConfigurationList;
			buildConfigurations = (
				B4F774CF242E1C1B00214304 /* Debug */,
				B4F774D0242E1C1B00214304 /* Release */,
			);
			defaultConfigurationIsVisible = 0;
			defaultConfigurationName = Release;
		};
		B4F774D1242E1C1B00214304 /* Build configuration list for PBXNativeTarget "swiftUIbuttonPrac" */ = {
			isa = XCConfigurationList;
			buildConfigurations = (
				B4F774D2242E1C1B00214304 /* Debug */,
				B4F774D3242E1C1B00214304 /* Release */,
			);
			defaultConfigurationIsVisible = 0;
			defaultConfigurationName = Release;
		};
/* End XCConfigurationList section */
	};
	rootObject = B4F774B5242E1C1000214304 /* Project object */;
}
